
Microsoft Visual Studio Solution File, Format Version 12.00
# Visual Studio Version 16
VisualStudioVersion = 16.0.33214.272
MinimumVisualStudioVersion = 10.0.40219.1
Project("{FAE04EC0-301F-11D3-BF4B-00C04F79EFBC}") = "Login_Form_App", "Login_Form_App.csproj", "{BEC0FF14-5E24-4BE1-AE63-44EE4B1DEE1F}"
EndProject
Project("{FAE04EC0-301F-11D3-BF4B-00C04F79EFBC}") = "Login_Form_App.Core", "..\Login_Form_App.Core\Login_Form_App.Core.csproj", "{2578D145-0753-449D-A64F-F00A090CED99}"
EndProject
Global
	GlobalSection(SolutionConfigurationPlatforms) = preSolution
		Debug|Any CPU = Debug|Any CPU
		Release|Any CPU = Release|Any CPU
	EndGlobalSection
	GlobalSection(ProjectConfigurationPlatforms) = postSolution
		{BEC0FF14-5E24-4BE1-AE63-44EE4B1DEE1F}.Debug|Any CPU.ActiveCfg = Debug|Any CPU
		{BEC0FF14-5E24-4BE1-AE63-44EE4B1DEE1F}.Debug|Any CPU.Build.0 = Debug|Any CPU
		{BEC0FF14-5E24-4BE1-AE63-44EE4B1DEE1F}.Release|Any CPU.ActiveCfg = Release|Any CPU
		{BEC0FF14-5E24-4BE1-AE63-44EE4B1DEE1F}.Release|Any CPU.Build.0 = Release|Any CPU
		{2578D145-0753-449D-A64F-F00A090CED99}.Debug|Any CPU.ActiveCfg = Debug|Any CPU
		{2578D145-0753-449D-A64F-F00A090CED99}.Debug|Any CPU.Build.0 = Debug|Any CPU
		{2578D145-0753-449D-A64F-F00A090CED99}.Release|Any CPU.ActiveCfg = Release|Any CPU
		{2578D145-0753-449D-A64F-F00A090CED99}.Release|Any CPU.Build.0 = Release|Any CPU
	EndGlobalSection
	GlobalSection(SolutionProperties) = preSolution
		HideSolutionNode = FALSE
	EndGlobalSection
	GlobalSection(ExtensibilityGlobals) = postSolution
		SolutionGuid = {300C8E69-D963-430D-8D8F-7944580E3EE4}
	EndGlobalSection
EndGlobal
